// !$*UTF8*$!
{
	archiveVersion = 1;
	classes = {
	};
	objectVersion = 50;
	objects = {

/* Begin PBXBuildFile section */
		585110CE263635DE00CFFAA1 /* PlayerView.swift in Sources */ = {isa = PBXBuildFile; fileRef = 585110CD263635DE00CFFAA1 /* PlayerView.swift */; };
		5884613E2631F32C000534E9 /* lifeCounterApp.swift in Sources */ = {isa = PBXBuildFile; fileRef = 5884613D2631F32C000534E9 /* lifeCounterApp.swift */; };
		588461402631F32C000534E9 /* ContentView.swift in Sources */ = {isa = PBXBuildFile; fileRef = 5884613F2631F32C000534E9 /* ContentView.swift */; };
		588461422631F32E000534E9 /* Assets.xcassets in Resources */ = {isa = PBXBuildFile; fileRef = 588461412631F32E000534E9 /* Assets.xcassets */; };
		588461452631F32E000534E9 /* Preview Assets.xcassets in Resources */ = {isa = PBXBuildFile; fileRef = 588461442631F32E000534E9 /* Preview Assets.xcassets */; };
		588461502631F32E000534E9 /* lifeCounterTests.swift in Sources */ = {isa = PBXBuildFile; fileRef = 5884614F2631F32E000534E9 /* lifeCounterTests.swift */; };
		5884615B2631F32E000534E9 /* lifeCounterUITests.swift in Sources */ = {isa = PBXBuildFile; fileRef = 5884615A2631F32E000534E9 /* lifeCounterUITests.swift */; };
/* End PBXBuildFile section */

/* Begin PBXContainerItemProxy section */
		5884614C2631F32E000534E9 /* PBXContainerItemProxy */ = {
			isa = PBXContainerItemProxy;
			containerPortal = 588461322631F32C000534E9 /* Project object */;
			proxyType = 1;
			remoteGlobalIDString = 588461392631F32C000534E9;
			remoteInfo = lifeCounter;
		};
		588461572631F32E000534E9 /* PBXContainerItemProxy */ = {
			isa = PBXContainerItemProxy;
			containerPortal = 588461322631F32C000534E9 /* Project object */;
			proxyType = 1;
			remoteGlobalIDString = 588461392631F32C000534E9;
			remoteInfo = lifeCounter;
		};
/* End PBXContainerItemProxy section */

/* Begin PBXFileReference section */
		585110CD263635DE00CFFAA1 /* PlayerView.swift */ = {isa = PBXFileReference; lastKnownFileType = sourcecode.swift; path = PlayerView.swift; sourceTree = "<group>"; };
		5884613A2631F32C000534E9 /* lifeCounter.app */ = {isa = PBXFileReference; explicitFileType = wrapper.application; includeInIndex = 0; path = lifeCounter.app; sourceTree = BUILT_PRODUCTS_DIR; };
		5884613D2631F32C000534E9 /* lifeCounterApp.swift */ = {isa = PBXFileReference; lastKnownFileType = sourcecode.swift; path = lifeCounterApp.swift; sourceTree = "<group>"; };
		5884613F2631F32C000534E9 /* ContentView.swift */ = {isa = PBXFileReference; lastKnownFileType = sourcecode.swift; path = ContentView.swift; sourceTree = "<group>"; };
		588461412631F32E000534E9 /* Assets.xcassets */ = {isa = PBXFileReference; lastKnownFileType = folder.assetcatalog; path = Assets.xcassets; sourceTree = "<group>"; };
		588461442631F32E000534E9 /* Preview Assets.xcassets */ = {isa = PBXFileReference; lastKnownFileType = folder.assetcatalog; path = "Preview Assets.xcassets"; sourceTree = "<group>"; };
		588461462631F32E000534E9 /* Info.plist */ = {isa = PBXFileReference; lastKnownFileType = text.plist.xml; path = Info.plist; sourceTree = "<group>"; };
		5884614B2631F32E000534E9 /* lifeCounterTests.xctest */ = {isa = PBXFileReference; explicitFileType = wrapper.cfbundle; includeInIndex = 0; path = lifeCounterTests.xctest; sourceTree = BUILT_PRODUCTS_DIR; };
		5884614F2631F32E000534E9 /* lifeCounterTests.swift */ = {isa = PBXFileReference; lastKnownFileType = sourcecode.swift; path = lifeCounterTests.swift; sourceTree = "<group>"; };
		588461512631F32E000534E9 /* Info.plist */ = {isa = PBXFileReference; lastKnownFileType = text.plist.xml; path = Info.plist; sourceTree = "<group>"; };
		588461562631F32E000534E9 /* lifeCounterUITests.xctest */ = {isa = PBXFileReference; explicitFileType = wrapper.cfbundle; includeInIndex = 0; path = lifeCounterUITests.xctest; sourceTree = BUILT_PRODUCTS_DIR; };
		5884615A2631F32E000534E9 /* lifeCounterUITests.swift */ = {isa = PBXFileReference; lastKnownFileType = sourcecode.swift; path = lifeCounterUITests.swift; sourceTree = "<group>"; };
		5884615C2631F32E000534E9 /* Info.plist */ = {isa = PBXFileReference; lastKnownFileType = text.plist.xml; path = Info.plist; sourceTree = "<group>"; };
/* End PBXFileReference section */

/* Begin PBXFrameworksBuildPhase section */
		588461372631F32C000534E9 /* Frameworks */ = {
			isa = PBXFrameworksBuildPhase;
			buildActionMask = 2147483647;
			files = (
			);
			runOnlyForDeploymentPostprocessing = 0;
		};
		588461482631F32E000534E9 /* Frameworks */ = {
			isa = PBXFrameworksBuildPhase;
			buildActionMask = 2147483647;
			files = (
			);
			runOnlyForDeploymentPostprocessing = 0;
		};
		588461532631F32E000534E9 /* Frameworks */ = {
			isa = PBXFrameworksBuildPhase;
			buildActionMask = 2147483647;
			files = (
			);
			runOnlyForDeploymentPostprocessing = 0;
		};
/* End PBXFrameworksBuildPhase section */

/* Begin PBXGroup section */
		588461312631F32C000534E9 = {
			isa = PBXGroup;
			children = (
				5884613C2631F32C000534E9 /* lifeCounter */,
				5884614E2631F32E000534E9 /* lifeCounterTests */,
				588461592631F32E000534E9 /* lifeCounterUITests */,
				5884613B2631F32C000534E9 /* Products */,
			);
			sourceTree = "<group>";
		};
		5884613B2631F32C000534E9 /* Products */ = {
			isa = PBXGroup;
			children = (
				5884613A2631F32C000534E9 /* lifeCounter.app */,
				5884614B2631F32E000534E9 /* lifeCounterTests.xctest */,
				588461562631F32E000534E9 /* lifeCounterUITests.xctest */,
			);
			name = Products;
			sourceTree = "<group>";
		};
		5884613C2631F32C000534E9 /* lifeCounter */ = {
			isa = PBXGroup;
			children = (
				5884613D2631F32C000534E9 /* lifeCounterApp.swift */,
				5884613F2631F32C000534E9 /* ContentView.swift */,
				585110CD263635DE00CFFAA1 /* PlayerView.swift */,
				588461412631F32E000534E9 /* Assets.xcassets */,
				588461462631F32E000534E9 /* Info.plist */,
				588461432631F32E000534E9 /* Preview Content */,
			);
			path = lifeCounter;
			sourceTree = "<group>";
		};
		588461432631F32E000534E9 /* Preview Content */ = {
			isa = PBXGroup;
			children = (
				588461442631F32E000534E9 /* Preview Assets.xcassets */,
			);
			path = "Preview Content";
			sourceTree = "<group>";
		};
		5884614E2631F32E000534E9 /* lifeCounterTests */ = {
			isa = PBXGroup;
			children = (
				5884614F2631F32E000534E9 /* lifeCounterTests.swift */,
				588461512631F32E000534E9 /* Info.plist */,
			);
			path = lifeCounterTests;
			sourceTree = "<group>";
		};
		588461592631F32E000534E9 /* lifeCounterUITests */ = {
			isa = PBXGroup;
			children = (
				5884615A2631F32E000534E9 /* lifeCounterUITests.swift */,
				5884615C2631F32E000534E9 /* Info.plist */,
			);
			path = lifeCounterUITests;
			sourceTree = "<group>";
		};
/* End PBXGroup section */

/* Begin PBXNativeTarget section */
		588461392631F32C000534E9 /* lifeCounter */ = {
			isa = PBXNativeTarget;
			buildConfigurationList = 5884615F2631F32E000534E9 /* Build configuration list for PBXNativeTarget "lifeCounter" */;
			buildPhases = (
				588461362631F32C000534E9 /* Sources */,
				588461372631F32C000534E9 /* Frameworks */,
				588461382631F32C000534E9 /* Resources */,
			);
			buildRules = (
			);
			dependencies = (
			);
			name = lifeCounter;
			productName = lifeCounter;
			productReference = 5884613A2631F32C000534E9 /* lifeCounter.app */;
			productType = "com.apple.product-type.application";
		};
		5884614A2631F32E000534E9 /* lifeCounterTests */ = {
			isa = PBXNativeTarget;
			buildConfigurationList = 588461622631F32E000534E9 /* Build configuration list for PBXNativeTarget "lifeCounterTests" */;
			buildPhases = (
				588461472631F32E000534E9 /* Sources */,
				588461482631F32E000534E9 /* Frameworks */,
				588461492631F32E000534E9 /* Resources */,
			);
			buildRules = (
			);
			dependencies = (
				5884614D2631F32E000534E9 /* PBXTargetDependency */,
			);
			name = lifeCounterTests;
			productName = lifeCounterTests;
			productReference = 5884614B2631F32E000534E9 /* lifeCounterTests.xctest */;
			productType = "com.apple.product-type.bundle.unit-test";
		};
		588461552631F32E000534E9 /* lifeCounterUITests */ = {
			isa = PBXNativeTarget;
			buildConfigurationList = 588461652631F32E000534E9 /* Build configuration list for PBXNativeTarget "lifeCounterUITests" */;
			buildPhases = (
				588461522631F32E000534E9 /* Sources */,
				588461532631F32E000534E9 /* Frameworks */,
				588461542631F32E000534E9 /* Resources */,
			);
			buildRules = (
			);
			dependencies = (
				588461582631F32E000534E9 /* PBXTargetDependency */,
			);
			name = lifeCounterUITests;
			productName = lifeCounterUITests;
			productReference = 588461562631F32E000534E9 /* lifeCounterUITests.xctest */;
			productType = "com.apple.product-type.bundle.ui-testing";
		};
/* End PBXNativeTarget section */

/* Begin PBXProject section */
		588461322631F32C000534E9 /* Project object */ = {
			isa = PBXProject;
			attributes = {
				LastSwiftUpdateCheck = 1240;
				LastUpgradeCheck = 1240;
				TargetAttributes = {
					588461392631F32C000534E9 = {
						CreatedOnToolsVersion = 12.4;
					};
					5884614A2631F32E000534E9 = {
						CreatedOnToolsVersion = 12.4;
						TestTargetID = 588461392631F32C000534E9;
					};
					588461552631F32E000534E9 = {
						CreatedOnToolsVersion = 12.4;
						TestTargetID = 588461392631F32C000534E9;
					};
				};
			};
			buildConfigurationList = 588461352631F32C000534E9 /* Build configuration list for PBXProject "lifeCounter" */;
			compatibilityVersion = "Xcode 9.3";
			developmentRegion = en;
			hasScannedForEncodings = 0;
			knownRegions = (
				en,
				Base,
			);
			mainGroup = 588461312631F32C000534E9;
			productRefGroup = 5884613B2631F32C000534E9 /* Products */;
			projectDirPath = "";
			projectRoot = "";
			targets = (
				588461392631F32C000534E9 /* lifeCounter */,
				5884614A2631F32E000534E9 /* lifeCounterTests */,
				588461552631F32E000534E9 /* lifeCounterUITests */,
			);
		};
/* End PBXProject section */

/* Begin PBXResourcesBuildPhase section */
		588461382631F32C000534E9 /* Resources */ = {
			isa = PBXResourcesBuildPhase;
			buildActionMask = 2147483647;
			files = (
				588461452631F32E000534E9 /* Preview Assets.xcassets in Resources */,
				588461422631F32E000534E9 /* Assets.xcassets in Resources */,
			);
			runOnlyForDeploymentPostprocessing = 0;
		};
		588461492631F32E000534E9 /* Resources */ = {
			isa = PBXResourcesBuildPhase;
			buildActionMask = 2147483647;
			files = (
			);
			runOnlyForDeploymentPostprocessing = 0;
		};
		588461542631F32E000534E9 /* Resources */ = {
			isa = PBXResourcesBuildPhase;
			buildActionMask = 2147483647;
			files = (
			);
			runOnlyForDeploymentPostprocessing = 0;
		};
/* End PBXResourcesBuildPhase section */

/* Begin PBXSourcesBuildPhase section */
		588461362631F32C000534E9 /* Sources */ = {
			isa = PBXSourcesBuildPhase;
			buildActionMask = 2147483647;
			files = (
				585110CE263635DE00CFFAA1 /* PlayerView.swift in Sources */,
				588461402631F32C000534E9 /* ContentView.swift in Sources */,
				5884613E2631F32C000534E9 /* lifeCounterApp.swift in Sources */,
			);
			runOnlyForDeploymentPostprocessing = 0;
		};
		588461472631F32E000534E9 /* Sources */ = {
			isa = PBXSourcesBuildPhase;
			buildActionMask = 2147483647;
			files = (
				588461502631F32E000534E9 /* lifeCounterTests.swift in Sources */,
			);
			runOnlyForDeploymentPostprocessing = 0;
		};
		588461522631F32E000534E9 /* Sources */ = {
			isa = PBXSourcesBuildPhase;
			buildActionMask = 2147483647;
			files = (
				5884615B2631F32E000534E9 /* lifeCounterUITests.swift in Sources */,
			);
			runOnlyForDeploymentPostprocessing = 0;
		};
/* End PBXSourcesBuildPhase section */

/* Begin PBXTargetDependency section */
		5884614D2631F32E000534E9 /* PBXTargetDependency */ = {
			isa = PBXTargetDependency;
			target = 588461392631F32C000534E9 /* lifeCounter */;
			targetProxy = 5884614C2631F32E000534E9 /* PBXContainerItemProxy */;
		};
		588461582631F32E000534E9 /* PBXTargetDependency */ = {
			isa = PBXTargetDependency;
			target = 588461392631F32C000534E9 /* lifeCounter */;
			targetProxy = 588461572631F32E000534E9 /* PBXContainerItemProxy */;
		};
/* End PBXTargetDependency section */

/* Begin XCBuildConfiguration section */
		5884615D2631F32E000534E9 /* Debug */ = {
			isa = XCBuildConfiguration;
			buildSettings = {
				ALWAYS_SEARCH_USER_PATHS = NO;
				CLANG_ANALYZER_NONNULL = YES;
				CLANG_ANALYZER_NUMBER_OBJECT_CONVERSION = YES_AGGRESSIVE;
				CLANG_CXX_LANGUAGE_STANDARD = "gnu++14";
				CLANG_CXX_LIBRARY = "libc++";
				CLANG_ENABLE_MODULES = YES;
				CLANG_ENABLE_OBJC_ARC = YES;
				CLANG_ENABLE_OBJC_WEAK = YES;
				CLANG_WARN_BLOCK_CAPTURE_AUTORELEASING = YES;
				CLANG_WARN_BOOL_CONVERSION = YES;
				CLANG_WARN_COMMA = YES;
				CLANG_WARN_CONSTANT_CONVERSION = YES;
				CLANG_WARN_DEPRECATED_OBJC_IMPLEMENTATIONS = YES;
				CLANG_WARN_DIRECT_OBJC_ISA_USAGE = YES_ERROR;
				CLANG_WARN_DOCUMENTATION_COMMENTS = YES;
				CLANG_WARN_EMPTY_BODY = YES;
				CLANG_WARN_ENUM_CONVERSION = YES;
				CLANG_WARN_INFINITE_RECURSION = YES;
				CLANG_WARN_INT_CONVERSION = YES;
				CLANG_WARN_NON_LITERAL_NULL_CONVERSION = YES;
				CLANG_WARN_OBJC_IMPLICIT_RETAIN_SELF = YES;
				CLANG_WARN_OBJC_LITERAL_CONVERSION = YES;
				CLANG_WARN_OBJC_ROOT_CLASS = YES_ERROR;
				CLANG_WARN_QUOTED_INCLUDE_IN_FRAMEWORK_HEADER = YES;
				CLANG_WARN_RANGE_LOOP_ANALYSIS = YES;
				CLANG_WARN_STRICT_PROTOTYPES = YES;
				CLANG_WARN_SUSPICIOUS_MOVE = YES;
				CLANG_WARN_UNGUARDED_AVAILABILITY = YES_AGGRESSIVE;
				CLANG_WARN_UNREACHABLE_CODE = YES;
				CLANG_WARN__DUPLICATE_METHOD_MATCH = YES;
				COPY_PHASE_STRIP = NO;
				DEBUG_INFORMATION_FORMAT = dwarf;
				ENABLE_STRICT_OBJC_MSGSEND = YES;
				ENABLE_TESTABILITY = YES;
				GCC_C_LANGUAGE_STANDARD = gnu11;
				GCC_DYNAMIC_NO_PIC = NO;
				GCC_NO_COMMON_BLOCKS = YES;
				GCC_OPTIMIZATION_LEVEL = 0;
				GCC_PREPROCESSOR_DEFINITIONS = (
					"DEBUG=1",
					"$(inherited)",
				);
				GCC_WARN_64_TO_32_BIT_CONVERSION = YES;
				GCC_WARN_ABOUT_RETURN_TYPE = YES_ERROR;
				GCC_WARN_UNDECLARED_SELECTOR = YES;
				GCC_WARN_UNINITIALIZED_AUTOS = YES_AGGRESSIVE;
				GCC_WARN_UNUSED_FUNCTION = YES;
				GCC_WARN_UNUSED_VARIABLE = YES;
				IPHONEOS_DEPLOYMENT_TARGET = 14.4;
				MTL_ENABLE_DEBUG_INFO = INCLUDE_SOURCE;
				MTL_FAST_MATH = YES;
				ONLY_ACTIVE_ARCH = YES;
				SDKROOT = iphoneos;
				SWIFT_ACTIVE_COMPILATION_CONDITIONS = DEBUG;
				SWIFT_OPTIMIZATION_LEVEL = "-Onone";
			};
			name = Debug;
		};
		5884615E2631F32E000534E9 /* Release */ = {
			isa = XCBuildConfiguration;
			buildSettings = {
				ALWAYS_SEARCH_USER_PATHS = NO;
				CLANG_ANALYZER_NONNULL = YES;
				CLANG_ANALYZER_NUMBER_OBJECT_CONVERSION = YES_AGGRESSIVE;
				CLANG_CXX_LANGUAGE_STANDARD = "gnu++14";
				CLANG_CXX_LIBRARY = "libc++";
				CLANG_ENABLE_MODULES = YES;
				CLANG_ENABLE_OBJC_ARC = YES;
				CLANG_ENABLE_OBJC_WEAK = YES;
				CLANG_WARN_BLOCK_CAPTURE_AUTORELEASING = YES;
				CLANG_WARN_BOOL_CONVERSION = YES;
				CLANG_WARN_COMMA = YES;
				CLANG_WARN_CONSTANT_CONVERSION = YES;
				CLANG_WARN_DEPRECATED_OBJC_IMPLEMENTATIONS = YES;
				CLANG_WARN_DIRECT_OBJC_ISA_USAGE = YES_ERROR;
				CLANG_WARN_DOCUMENTATION_COMMENTS = YES;
				CLANG_WARN_EMPTY_BODY = YES;
				CLANG_WARN_ENUM_CONVERSION = YES;
				CLANG_WARN_INFINITE_RECURSION = YES;
				CLANG_WARN_INT_CONVERSION = YES;
				CLANG_WARN_NON_LITERAL_NULL_CONVERSION = YES;
				CLANG_WARN_OBJC_IMPLICIT_RETAIN_SELF = YES;
				CLANG_WARN_OBJC_LITERAL_CONVERSION = YES;
				CLANG_WARN_OBJC_ROOT_CLASS = YES_ERROR;
				CLANG_WARN_QUOTED_INCLUDE_IN_FRAMEWORK_HEADER = YES;
				CLANG_WARN_RANGE_LOOP_ANALYSIS = YES;
				CLANG_WARN_STRICT_PROTOTYPES = YES;
				CLANG_WARN_SUSPICIOUS_MOVE = YES;
				CLANG_WARN_UNGUARDED_AVAILABILITY = YES_AGGRESSIVE;
				CLANG_WARN_UNREACHABLE_CODE = YES;
				CLANG_WARN__DUPLICATE_METHOD_MATCH = YES;
				COPY_PHASE_STRIP = NO;
				DEBUG_INFORMATION_FORMAT = "dwarf-with-dsym";
				ENABLE_NS_ASSERTIONS = NO;
				ENABLE_STRICT_OBJC_MSGSEND = YES;
				GCC_C_LANGUAGE_STANDARD = gnu11;
				GCC_NO_COMMON_BLOCKS = YES;
				GCC_WARN_64_TO_32_BIT_CONVERSION = YES;
				GCC_WARN_ABOUT_RETURN_TYPE = YES_ERROR;
				GCC_WARN_UNDECLARED_SELECTOR = YES;
				GCC_WARN_UNINITIALIZED_AUTOS = YES_AGGRESSIVE;
				GCC_WARN_UNUSED_FUNCTION = YES;
				GCC_WARN_UNUSED_VARIABLE = YES;
				IPHONEOS_DEPLOYMENT_TARGET = 14.4;
				MTL_ENABLE_DEBUG_INFO = NO;
				MTL_FAST_MATH = YES;
				SDKROOT = iphoneos;
				SWIFT_COMPILATION_MODE = wholemodule;
				SWIFT_OPTIMIZATION_LEVEL = "-O";
				VALIDATE_PRODUCT = YES;
			};
			name = Release;
		};
		588461602631F32E000534E9 /* Debug */ = {
			isa = XCBuildConfiguration;
			buildSettings = {
				ASSETCATALOG_COMPILER_APPICON_NAME = AppIcon;
				ASSETCATALOG_COMPILER_GLOBAL_ACCENT_COLOR_NAME = AccentColor;
				CODE_SIGN_STYLE = Automatic;
				DEVELOPMENT_ASSET_PATHS = "\"lifeCounter/Preview Content\"";
				ENABLE_PREVIEWS = YES;
				INFOPLIST_FILE = lifeCounter/Info.plist;
				IPHONEOS_DEPLOYMENT_TARGET = 14.0;
				LD_RUNPATH_SEARCH_PATHS = (
					"$(inherited)",
					"@executable_path/Frameworks",
				);
				PRODUCT_BUNDLE_IDENTIFIER = ashni.lifeCounter;
				PRODUCT_NAME = "$(TARGET_NAME)";
				SWIFT_VERSION = 5.0;
				TARGETED_DEVICE_FAMILY = "1,2";
			};
			name = Debug;
		};
		588461612631F32E000534E9 /* Release */ = {
			isa = XCBuildConfiguration;
			buildSettings = {
				ASSETCATALOG_COMPILER_APPICON_NAME = AppIcon;
				ASSETCATALOG_COMPILER_GLOBAL_ACCENT_COLOR_NAME = AccentColor;
				CODE_SIGN_STYLE = Automatic;
				DEVELOPMENT_ASSET_PATHS = "\"lifeCounter/Preview Content\"";
				ENABLE_PREVIEWS = YES;
				INFOPLIST_FILE = lifeCounter/Info.plist;
				IPHONEOS_DEPLOYMENT_TARGET = 14.0;
				LD_RUNPATH_SEARCH_PATHS = (
					"$(inherited)",
					"@executable_path/Frameworks",
				);
				PRODUCT_BUNDLE_IDENTIFIER = ashni.lifeCounter;
				PRODUCT_NAME = "$(TARGET_NAME)";
				SWIFT_VERSION = 5.0;
				TARGETED_DEVICE_FAMILY = "1,2";
			};
			name = Release;
		};
		588461632631F32E000534E9 /* Debug */ = {
			isa = XCBuildConfiguration;
			buildSettings = {
				ALWAYS_EMBED_SWIFT_STANDARD_LIBRARIES = YES;
				BUNDLE_LOADER = "$(TEST_HOST)";
				CODE_SIGN_STYLE = Automatic;
				INFOPLIST_FILE = lifeCounterTests/Info.plist;
				IPHONEOS_DEPLOYMENT_TARGET = 14.0;
				LD_RUNPATH_SEARCH_PATHS = (
					"$(inherited)",
					"@executable_path/Frameworks",
					"@loader_path/Frameworks",
				);
				PRODUCT_BUNDLE_IDENTIFIER = ashni.lifeCounterTests;
				PRODUCT_NAME = "$(TARGET_NAME)";
				SWIFT_VERSION = 5.0;
				TARGETED_DEVICE_FAMILY = "1,2";
				TEST_HOST = "$(BUILT_PRODUCTS_DIR)/lifeCounter.app/lifeCounter";
			};
			name = Debug;
		};
		588461642631F32E000534E9 /* Release */ = {
			isa = XCBuildConfiguration;
			buildSettings = {
				ALWAYS_EMBED_SWIFT_STANDARD_LIBRARIES = YES;
				BUNDLE_LOADER = "$(TEST_HOST)";
				CODE_SIGN_STYLE = Automatic;
				INFOPLIST_FILE = lifeCounterTests/Info.plist;
				IPHONEOS_DEPLOYMENT_TARGET = 14.0;
				LD_RUNPATH_SEARCH_PATHS = (
					"$(inherited)",
					"@executable_path/Frameworks",
					"@loader_path/Frameworks",
				);
				PRODUCT_BUNDLE_IDENTIFIER = ashni.lifeCounterTests;
				PRODUCT_NAME = "$(TARGET_NAME)";
				SWIFT_VERSION = 5.0;
				TARGETED_DEVICE_FAMILY = "1,2";
				TEST_HOST = "$(BUILT_PRODUCTS_DIR)/lifeCounter.app/lifeCounter";
			};
			name = Release;
		};
		588461662631F32E000534E9 /* Debug */ = {
			isa = XCBuildConfiguration;
			buildSettings = {
				ALWAYS_EMBED_SWIFT_STANDARD_LIBRARIES = YES;
				CODE_SIGN_STYLE = Automatic;
				INFOPLIST_FILE = lifeCounterUITests/Info.plist;
				LD_RUNPATH_SEARCH_PATHS = (
					"$(inherited)",
					"@executable_path/Frameworks",
					"@loader_path/Frameworks",
				);
				PRODUCT_BUNDLE_IDENTIFIER = ashni.lifeCounterUITests;
				PRODUCT_NAME = "$(TARGET_NAME)";
				SWIFT_VERSION = 5.0;
				TARGETED_DEVICE_FAMILY = "1,2";
				TEST_TARGET_NAME = lifeCounter;
			};
			name = Debug;
		};
		588461672631F32E000534E9 /* Release */ = {
			isa = XCBuildConfiguration;
			buildSettings = {
				ALWAYS_EMBED_SWIFT_STANDARD_LIBRARIES = YES;
				CODE_SIGN_STYLE = Automatic;
				INFOPLIST_FILE = lifeCounterUITests/Info.plist;
				LD_RUNPATH_SEARCH_PATHS = (
					"$(inherited)",
					"@executable_path/Frameworks",
					"@loader_path/Frameworks",
				);
				PRODUCT_BUNDLE_IDENTIFIER = ashni.lifeCounterUITests;
				PRODUCT_NAME = "$(TARGET_NAME)";
				SWIFT_VERSION = 5.0;
				TARGETED_DEVICE_FAMILY = "1,2";
				TEST_TARGET_NAME = lifeCounter;
			};
			name = Release;
		};
/* End XCBuildConfiguration section */

/* Begin XCConfigurationList section */
		588461352631F32C000534E9 /* Build configuration list for PBXProject "lifeCounter" */ = {
			isa = XCConfigurationList;
			buildConfigurations = (
				5884615D2631F32E000534E9 /* Debug */,
				5884615E2631F32E000534E9 /* Release */,
			);
			defaultConfigurationIsVisible = 0;
			defaultConfigurationName = Release;
		};
		5884615F2631F32E000534E9 /* Build configuration list for PBXNativeTarget "lifeCounter" */ = {
			isa = XCConfigurationList;
			buildConfigurations = (
				588461602631F32E000534E9 /* Debug */,
				588461612631F32E000534E9 /* Release */,
			);
			defaultConfigurationIsVisible = 0;
			defaultConfigurationName = Release;
		};
		588461622631F32E000534E9 /* Build configuration list for PBXNativeTarget "lifeCounterTests" */ = {
			isa = XCConfigurationList;
			buildConfigurations = (
				588461632631F32E000534E9 /* Debug */,
				588461642631F32E000534E9 /* Release */,
			);
			defaultConfigurationIsVisible = 0;
			defaultConfigurationName = Release;
		};
		588461652631F32E000534E9 /* Build configuration list for PBXNativeTarget "lifeCounterUITests" */ = {
			isa = XCConfigurationList;
			buildConfigurations = (
				588461662631F32E000534E9 /* Debug */,
				588461672631F32E000534E9 /* Release */,
			);
			defaultConfigurationIsVisible = 0;
			defaultConfigurationName = Release;
		};
/* End XCConfigurationList section */
	};
	rootObject = 588461322631F32C000534E9 /* Project object */;
}
